("quicklisp" .
 (:class qlot.source.ql:source-ql-all
  :initargs (:project-name "quicklisp" :%version :latest)
  :version "2017-12-27"))
("defmain" .
 (:class qlot.source.github:source-github
  :initargs (:project-name "defmain" :repos "40ants/defmain" :ref nil :branch nil :tag nil)
  :version "github-7f8a88a22b0f8f01758e7694ce2522369e750a3a"
  :repos "40ants/defmain"
  :url "https://github.com/40ants/defmain/archive/7f8a88a22b0f8f01758e7694ce2522369e750a3a.tar.gz"
  :ref "7f8a88a22b0f8f01758e7694ce2522369e750a3a"))
("cl-info" .
 (:class qlot.source.github:source-github
  :initargs (:project-name "cl-info" :repos "40ants/cl-info" :ref nil :branch nil :tag nil)
  :version "github-6fb171800a16080d52be41f10155f96fd48a3b61"
  :repos "40ants/cl-info"
  :url "https://github.com/40ants/cl-info/archive/6fb171800a16080d52be41f10155f96fd48a3b61.tar.gz"
  :ref "6fb171800a16080d52be41f10155f96fd48a3b61"))
("rove" .
 (:class qlot.source.github:source-github
  :initargs (:project-name "rove" :repos "40ants/rove" :ref "generic-assert-description" :branch nil :tag nil)
  :version "github-generic-assert-description"
  :repos "40ants/rove"
  :url "https://github.com/40ants/rove/archive/generic-assert-description.tar.gz"
  :ref "generic-assert-description"))
("lack" .
 (:class qlot.source.github:source-github
  :initargs (:project-name "lack" :repos "fukamachi/lack" :ref nil :branch nil :tag nil)
  :version "github-23c372594b92f5ae564115989feb4e4f97ba1a9c"
  :repos "fukamachi/lack"
  :url "https://github.com/fukamachi/lack/archive/23c372594b92f5ae564115989feb4e4f97ba1a9c.tar.gz"
  :ref "23c372594b92f5ae564115989feb4e4f97ba1a9c"))
("dissect" .
 (:class qlot.source.github:source-github
  :initargs (:project-name "dissect" :repos "40ants/dissect" :ref "fix-iteration-on-unknown-args" :branch nil :tag nil)
  :version "github-fix-iteration-on-unknown-args"
  :repos "40ants/dissect"
  :url "https://github.com/40ants/dissect/archive/fix-iteration-on-unknown-args.tar.gz"
  :ref "fix-iteration-on-unknown-args"))
("hamcrest" .
 (:class qlot.source.github:source-github
  :initargs (:project-name "hamcrest" :repos "40ants/cl-hamcrest" :ref "v0.3.3" :branch nil :tag nil)
  :version "github-v0.3.3"
  :repos "40ants/cl-hamcrest"
  :url "https://github.com/40ants/cl-hamcrest/archive/v0.3.3.tar.gz"
  :ref "v0.3.3"))
